
Microsoft Visual Studio Solution File, Format Version 12.00
# Visual Studio Version 17
VisualStudioVersion = 17.8.34511.84
MinimumVisualStudioVersion = 10.0.40219.1
Project("{9A19103F-16F7-4668-BE54-9A1E7A4F7556}") = "MultiBuildDotNet", "MultiBuildDotNet\MultiBuildDotNet.csproj", "{E29C292A-EF52-47B7-938C-41618BF26515}"
EndProject
Project("{FAE04EC0-301F-11D3-BF4B-00C04F79EFBC}") = "SolutionFinderLib", "SolutionFinderLib\SolutionFinderLib.csproj", "{8DC4EAA3-8B62-4095-AB6B-4C79E639D473}"
EndProject
Project("{FAE04EC0-301F-11D3-BF4B-00C04F79EFBC}") = "SolutionFinderApp", "SolutionFinderApp\SolutionFinderApp.csproj", "{ACAE3AC8-B58D-4433-9E42-AC69FD7F5388}"
EndProject
Global
	GlobalSection(SolutionConfigurationPlatforms) = preSolution
		Debug|Any CPU = Debug|Any CPU
		Release|Any CPU = Release|Any CPU
	EndGlobalSection
	GlobalSection(ProjectConfigurationPlatforms) = postSolution
		{E29C292A-EF52-47B7-938C-41618BF26515}.Debug|Any CPU.ActiveCfg = Debug|Any CPU
		{E29C292A-EF52-47B7-938C-41618BF26515}.Debug|Any CPU.Build.0 = Debug|Any CPU
		{E29C292A-EF52-47B7-938C-41618BF26515}.Release|Any CPU.ActiveCfg = Release|Any CPU
		{E29C292A-EF52-47B7-938C-41618BF26515}.Release|Any CPU.Build.0 = Release|Any CPU
		{8DC4EAA3-8B62-4095-AB6B-4C79E639D473}.Debug|Any CPU.ActiveCfg = Debug|Any CPU
		{8DC4EAA3-8B62-4095-AB6B-4C79E639D473}.Debug|Any CPU.Build.0 = Debug|Any CPU
		{8DC4EAA3-8B62-4095-AB6B-4C79E639D473}.Release|Any CPU.ActiveCfg = Release|Any CPU
		{8DC4EAA3-8B62-4095-AB6B-4C79E639D473}.Release|Any CPU.Build.0 = Release|Any CPU
		{ACAE3AC8-B58D-4433-9E42-AC69FD7F5388}.Debug|Any CPU.ActiveCfg = Debug|Any CPU
		{ACAE3AC8-B58D-4433-9E42-AC69FD7F5388}.Debug|Any CPU.Build.0 = Debug|Any CPU
		{ACAE3AC8-B58D-4433-9E42-AC69FD7F5388}.Release|Any CPU.ActiveCfg = Release|Any CPU
		{ACAE3AC8-B58D-4433-9E42-AC69FD7F5388}.Release|Any CPU.Build.0 = Release|Any CPU
	EndGlobalSection
	GlobalSection(SolutionProperties) = preSolution
		HideSolutionNode = FALSE
	EndGlobalSection
	GlobalSection(ExtensibilityGlobals) = postSolution
		SolutionGuid = {23F80A03-66D7-469F-BAB1-DFEDCB529A64}
	EndGlobalSection
EndGlobal
